
Microsoft Visual Studio Solution File, Format Version 12.00
# Visual Studio Version 16
VisualStudioVersion = 16.0.30517.126
MinimumVisualStudioVersion = 10.0.40219.1
Project("{FAE04EC0-301F-11D3-BF4B-00C04F79EFBC}") = "BOGOL", "BOGOL.csproj", "{BA9DC1D4-FEEF-4718-B43B-FE9CEE4F5807}"
EndProject
Global
	GlobalSection(SolutionConfigurationPlatforms) = preSolution
		Debug|Any CPU = Debug|Any CPU
		Release|Any CPU = Release|Any CPU
	EndGlobalSection
	GlobalSection(ProjectConfigurationPlatforms) = postSolution
		{BA9DC1D4-FEEF-4718-B43B-FE9CEE4F5807}.Debug|Any CPU.ActiveCfg = Debug|Any CPU
		{BA9DC1D4-FEEF-4718-B43B-FE9CEE4F5807}.Debug|Any CPU.Build.0 = Debug|Any CPU
		{BA9DC1D4-FEEF-4718-B43B-FE9CEE4F5807}.Release|Any CPU.ActiveCfg = Release|Any CPU
		{BA9DC1D4-FEEF-4718-B43B-FE9CEE4F5807}.Release|Any CPU.Build.0 = Release|Any CPU
	EndGlobalSection
	GlobalSection(SolutionProperties) = preSolution
		HideSolutionNode = FALSE
	EndGlobalSection
	GlobalSection(ExtensibilityGlobals) = postSolution
		SolutionGuid = {C77445D0-A9F9-4C75-99F2-8EB6368FCDC5}
	EndGlobalSection
EndGlobal
